<?xml version="1.0" encoding="utf-8"?>
<Project ToolsVersion="4.0" xmlns="http://schemas.microsoft.com/developer/msbuild/2003">
  <ItemGroup>
    <Filter Include="Source Files">
      <UniqueIdentifier>{4FC737F1-C7A5-4376-A066-2A32D752A2FF}</UniqueIdentifier>
      <Extensions>cpp;c;cc;cxx;c++;cppm;ixx;def;odl;idl;hpj;bat;asm;asmx</Extensions>
    </Filter>
    <Filter Include="Header Files">
      <UniqueIdentifier>{93995380-89BD-4b04-88EB-625FBE52EBFB}</UniqueIdentifier>
      <Extensions>h;hh;hpp;hxx;h++;hm;inl;inc;ipp;xsd</Extensions>
    </Filter>
    <Filter Include="Resource Files">
      <UniqueIdentifier>{67DA6AB6-F800-4c08-8B7A-83BB121AAD01}</UniqueIdentifier>
      <Extensions>rc;ico;cur;bmp;dlg;rc2;rct;bin;rgs;gif;jpg;jpeg;jpe;resx;tiff;tif;png;wav;mfcribbon-ms</Extensions>
    </Filter>
    <Filter Include="Source Files\Decoders">
      <UniqueIdentifier>{9c46abb8-ec23-4b16-8c5f-ea0d29e0a26a}</UniqueIdentifier>
    </Filter>
  </ItemGroup>
  <ItemGroup>
    <ClInclude Include="TextureDecoder.h">
      <Filter>Header Files</Filter>
    </ClInclude>
    <ClInclude Include="Resource.h">
      <Filter>Header Files</Filter>
    </ClInclude>
    <ClInclude Include="pch.h">
      <Filter>Header Files</Filter>
    </ClInclude>
    <ClInclude Include="ETC.h">
      <Filter>Header Files</Filter>
    </ClInclude>
    <ClInclude Include="FP16.h">
      <Filter>Header Files</Filter>
    </ClInclude>
    <ClInclude Include="BitCasts.h">
      <Filter>Header Files</Filter>
    </ClInclude>
    <ClInclude Include="ASTC.h">
      <Filter>Header Files</Filter>
    </ClInclude>
  </ItemGroup>
  <ItemGroup>
    <ClCompile Include="TextureDecoder.cpp">
      <Filter>Source Files</Filter>
    </ClCompile>
    <ClCompile Include="AssemblyInfo.cpp">
      <Filter>Source Files</Filter>
    </ClCompile>
    <ClCompile Include="pch.cpp">
      <Filter>Source Files</Filter>
    </ClCompile>
    <ClCompile Include="DecodeDXT1.cpp">
      <Filter>Source Files\Decoders</Filter>
    </ClCompile>
    <ClCompile Include="Colors.cpp">
      <Filter>Source Files</Filter>
    </ClCompile>
    <ClCompile Include="DecodeDXT5.cpp">
      <Filter>Source Files\Decoders</Filter>
    </ClCompile>
    <ClCompile Include="DecodePVRTC.cpp">
      <Filter>Source Files\Decoders</Filter>
    </ClCompile>
    <ClCompile Include="PVRTC.h">
      <Filter>Header Files</Filter>
    </ClCompile>
    <ClCompile Include="DecodeETC1.cpp">
      <Filter>Source Files\Decoders</Filter>
    </ClCompile>
    <ClCompile Include="DecodeETC2.cpp">
      <Filter>Source Files\Decoders</Filter>
    </ClCompile>
    <ClCompile Include="DecodeETC2A1.cpp">
      <Filter>Source Files\Decoders</Filter>
    </ClCompile>
    <ClCompile Include="DecodeETC2A8.cpp">
      <Filter>Source Files\Decoders</Filter>
    </ClCompile>
    <ClCompile Include="ETC.cpp">
      <Filter>Source Files</Filter>
    </ClCompile>
    <ClCompile Include="DecodeEACR.cpp">
      <Filter>Source Files\Decoders</Filter>
    </ClCompile>
    <ClCompile Include="DecodeEACRSigned.cpp">
      <Filter>Source Files\Decoders</Filter>
    </ClCompile>
    <ClCompile Include="DecodeEACRG.cpp">
      <Filter>Source Files\Decoders</Filter>
    </ClCompile>
    <ClCompile Include="DecodeEACRGSigned.cpp">
      <Filter>Source Files\Decoders</Filter>
    </ClCompile>
    <ClCompile Include="DecodeBC4.cpp">
      <Filter>Source Files\Decoders</Filter>
    </ClCompile>
    <ClCompile Include="DecodeBC5.cpp">
      <Filter>Source Files\Decoders</Filter>
    </ClCompile>
    <ClCompile Include="DecodeBC6.cpp">
      <Filter>Source Files\Decoders</Filter>
    </ClCompile>
    <ClCompile Include="BCN.h">
      <Filter>Header Files</Filter>
    </ClCompile>
    <ClCompile Include="DecodeBC7.cpp">
      <Filter>Source Files\Decoders</Filter>
    </ClCompile>
    <ClCompile Include="DecodeATCRGB4.cpp">
      <Filter>Source Files\Decoders</Filter>
    </ClCompile>
    <ClCompile Include="DecodeATCRGBA8.cpp">
      <Filter>Source Files\Decoders</Filter>
    </ClCompile>
    <ClCompile Include="DecodeASTC.cpp">
      <Filter>Source Files\Decoders</Filter>
    </ClCompile>
  </ItemGroup>
  <ItemGroup>
    <ResourceCompile Include="app.rc">
      <Filter>Resource Files</Filter>
    </ResourceCompile>
  </ItemGroup>
  <ItemGroup>
    <Image Include="app.ico">
      <Filter>Resource Files</Filter>
    </Image>
  </ItemGroup>
</Project>